
Microsoft Visual Studio Solution File, Format Version 12.00
# Visual Studio Version 17
VisualStudioVersion = 17.0.31903.59
MinimumVisualStudioVersion = 10.0.40219.1
Project("{2150E333-8FDC-42A3-9474-1A3956D46DE8}") = "src", "src", "{827E0CD3-B72D-47B6-A68D-7590B98EB39B}"
EndProject
Project("{FAE04EC0-301F-11D3-BF4B-00C04F79EFBC}") = "Lab.Shared", "src\Lab.Shared\Lab.Shared.csproj", "{7CE25A8F-57B0-4CD4-B0E5-06821B07DA3D}"
EndProject
Project("{FAE04EC0-301F-11D3-BF4B-00C04F79EFBC}") = "Lab.Persistence", "src\Lab.Persistence\Lab.Persistence.csproj", "{2E579B69-22DB-4010-B4AB-160CCF8D3EB6}"
EndProject
Project("{FAE04EC0-301F-11D3-BF4B-00C04F79EFBC}") = "Lab.Telemetry", "src\Lab.Telemetry\Lab.Telemetry.csproj", "{CEAE1135-B0F0-42B3-86C3-1AEFCF683917}"
EndProject
Project("{FAE04EC0-301F-11D3-BF4B-00C04F79EFBC}") = "Lab.Analysis", "src\Lab.Analysis\Lab.Analysis.csproj", "{B8DA47D4-3BB1-40BC-AF88-C029498E3559}"
EndProject
Project("{FAE04EC0-301F-11D3-BF4B-00C04F79EFBC}") = "Storefront.Api", "src\Storefront.Api\Storefront.Api.csproj", "{4752DBC4-0939-4E47-ADC0-34B58B4A2CD7}"
EndProject
Project("{FAE04EC0-301F-11D3-BF4B-00C04F79EFBC}") = "Catalog.Api", "src\Catalog.Api\Catalog.Api.csproj", "{ABDB5C0C-2916-45A0-BCB9-E0E063A3BC0A}"
EndProject
Project("{FAE04EC0-301F-11D3-BF4B-00C04F79EFBC}") = "Cart.Api", "src\Cart.Api\Cart.Api.csproj", "{0D626079-8F6C-4F71-BB1E-FF3DDDFFE6E1}"
EndProject
Project("{FAE04EC0-301F-11D3-BF4B-00C04F79EFBC}") = "Order.Api", "src\Order.Api\Order.Api.csproj", "{7A742473-D512-4557-940C-98CE40280679}"
EndProject
Project("{FAE04EC0-301F-11D3-BF4B-00C04F79EFBC}") = "PaymentSimulator.Api", "src\PaymentSimulator.Api\PaymentSimulator.Api.csproj", "{92B40199-1230-4E3A-9C6E-6F20A18D1A0C}"
EndProject
Project("{FAE04EC0-301F-11D3-BF4B-00C04F79EFBC}") = "Worker", "src\Worker\Worker.csproj", "{64F42F86-226C-4A5B-A399-4273E930C151}"
EndProject
Project("{FAE04EC0-301F-11D3-BF4B-00C04F79EFBC}") = "Proxy", "src\Proxy\Proxy.csproj", "{8F8B15C1-4319-4EFA-938C-4574AAAD5C69}"
EndProject
Project("{FAE04EC0-301F-11D3-BF4B-00C04F79EFBC}") = "SeedData", "src\SeedData\SeedData.csproj", "{28D22001-9732-45F4-9F19-6E0A582545E0}"
EndProject
Project("{FAE04EC0-301F-11D3-BF4B-00C04F79EFBC}") = "LoadGen", "src\LoadGen\LoadGen.csproj", "{8319BF65-713E-4C91-80F4-446A27437AED}"
EndProject
Project("{FAE04EC0-301F-11D3-BF4B-00C04F79EFBC}") = "Analyze", "src\Analyze\Analyze.csproj", "{5633214F-36E6-4F5E-B20A-9EA936C7085B}"
EndProject
Project("{2150E333-8FDC-42A3-9474-1A3956D46DE8}") = "tests", "tests", "{0AB3BF05-4346-4AA6-1389-037BE0695223}"
EndProject
Project("{FAE04EC0-301F-11D3-BF4B-00C04F79EFBC}") = "Lab.UnitTests", "tests\Lab.UnitTests\Lab.UnitTests.csproj", "{09FDA0E2-E5F9-4B96-8F8A-8A11FFDEF5B1}"
EndProject
Project("{FAE04EC0-301F-11D3-BF4B-00C04F79EFBC}") = "Lab.IntegrationTests", "tests\Lab.IntegrationTests\Lab.IntegrationTests.csproj", "{F2352648-9025-4AED-9C88-EBD93A54D85B}"
EndProject
Global
	GlobalSection(SolutionConfigurationPlatforms) = preSolution
		Debug|Any CPU = Debug|Any CPU
		Debug|x64 = Debug|x64
		Debug|x86 = Debug|x86
		Release|Any CPU = Release|Any CPU
		Release|x64 = Release|x64
		Release|x86 = Release|x86
	EndGlobalSection
	GlobalSection(ProjectConfigurationPlatforms) = postSolution
		{7CE25A8F-57B0-4CD4-B0E5-06821B07DA3D}.Debug|Any CPU.ActiveCfg = Debug|Any CPU
		{7CE25A8F-57B0-4CD4-B0E5-06821B07DA3D}.Debug|Any CPU.Build.0 = Debug|Any CPU
		{7CE25A8F-57B0-4CD4-B0E5-06821B07DA3D}.Debug|x64.ActiveCfg = Debug|Any CPU
		{7CE25A8F-57B0-4CD4-B0E5-06821B07DA3D}.Debug|x64.Build.0 = Debug|Any CPU
		{7CE25A8F-57B0-4CD4-B0E5-06821B07DA3D}.Debug|x86.ActiveCfg = Debug|Any CPU
		{7CE25A8F-57B0-4CD4-B0E5-06821B07DA3D}.Debug|x86.Build.0 = Debug|Any CPU
		{7CE25A8F-57B0-4CD4-B0E5-06821B07DA3D}.Release|Any CPU.ActiveCfg = Release|Any CPU
		{7CE25A8F-57B0-4CD4-B0E5-06821B07DA3D}.Release|Any CPU.Build.0 = Release|Any CPU
		{7CE25A8F-57B0-4CD4-B0E5-06821B07DA3D}.Release|x64.ActiveCfg = Release|Any CPU
		{7CE25A8F-57B0-4CD4-B0E5-06821B07DA3D}.Release|x64.Build.0 = Release|Any CPU
		{7CE25A8F-57B0-4CD4-B0E5-06821B07DA3D}.Release|x86.ActiveCfg = Release|Any CPU
		{7CE25A8F-57B0-4CD4-B0E5-06821B07DA3D}.Release|x86.Build.0 = Release|Any CPU
		{2E579B69-22DB-4010-B4AB-160CCF8D3EB6}.Debug|Any CPU.ActiveCfg = Debug|Any CPU
		{2E579B69-22DB-4010-B4AB-160CCF8D3EB6}.Debug|Any CPU.Build.0 = Debug|Any CPU
		{2E579B69-22DB-4010-B4AB-160CCF8D3EB6}.Debug|x64.ActiveCfg = Debug|Any CPU
		{2E579B69-22DB-4010-B4AB-160CCF8D3EB6}.Debug|x64.Build.0 = Debug|Any CPU
		{2E579B69-22DB-4010-B4AB-160CCF8D3EB6}.Debug|x86.ActiveCfg = Debug|Any CPU
		{2E579B69-22DB-4010-B4AB-160CCF8D3EB6}.Debug|x86.Build.0 = Debug|Any CPU
		{2E579B69-22DB-4010-B4AB-160CCF8D3EB6}.Release|Any CPU.ActiveCfg = Release|Any CPU
		{2E579B69-22DB-4010-B4AB-160CCF8D3EB6}.Release|Any CPU.Build.0 = Release|Any CPU
		{2E579B69-22DB-4010-B4AB-160CCF8D3EB6}.Release|x64.ActiveCfg = Release|Any CPU
		{2E579B69-22DB-4010-B4AB-160CCF8D3EB6}.Release|x64.Build.0 = Release|Any CPU
		{2E579B69-22DB-4010-B4AB-160CCF8D3EB6}.Release|x86.ActiveCfg = Release|Any CPU
		{2E579B69-22DB-4010-B4AB-160CCF8D3EB6}.Release|x86.Build.0 = Release|Any CPU
		{CEAE1135-B0F0-42B3-86C3-1AEFCF683917}.Debug|Any CPU.ActiveCfg = Debug|Any CPU
		{CEAE1135-B0F0-42B3-86C3-1AEFCF683917}.Debug|Any CPU.Build.0 = Debug|Any CPU
		{CEAE1135-B0F0-42B3-86C3-1AEFCF683917}.Debug|x64.ActiveCfg = Debug|Any CPU
		{CEAE1135-B0F0-42B3-86C3-1AEFCF683917}.Debug|x64.Build.0 = Debug|Any CPU
		{CEAE1135-B0F0-42B3-86C3-1AEFCF683917}.Debug|x86.ActiveCfg = Debug|Any CPU
		{CEAE1135-B0F0-42B3-86C3-1AEFCF683917}.Debug|x86.Build.0 = Debug|Any CPU
		{CEAE1135-B0F0-42B3-86C3-1AEFCF683917}.Release|Any CPU.ActiveCfg = Release|Any CPU
		{CEAE1135-B0F0-42B3-86C3-1AEFCF683917}.Release|Any CPU.Build.0 = Release|Any CPU
		{CEAE1135-B0F0-42B3-86C3-1AEFCF683917}.Release|x64.ActiveCfg = Release|Any CPU
		{CEAE1135-B0F0-42B3-86C3-1AEFCF683917}.Release|x64.Build.0 = Release|Any CPU
		{CEAE1135-B0F0-42B3-86C3-1AEFCF683917}.Release|x86.ActiveCfg = Release|Any CPU
		{CEAE1135-B0F0-42B3-86C3-1AEFCF683917}.Release|x86.Build.0 = Release|Any CPU
		{B8DA47D4-3BB1-40BC-AF88-C029498E3559}.Debug|Any CPU.ActiveCfg = Debug|Any CPU
		{B8DA47D4-3BB1-40BC-AF88-C029498E3559}.Debug|Any CPU.Build.0 = Debug|Any CPU
		{B8DA47D4-3BB1-40BC-AF88-C029498E3559}.Debug|x64.ActiveCfg = Debug|Any CPU
		{B8DA47D4-3BB1-40BC-AF88-C029498E3559}.Debug|x64.Build.0 = Debug|Any CPU
		{B8DA47D4-3BB1-40BC-AF88-C029498E3559}.Debug|x86.ActiveCfg = Debug|Any CPU
		{B8DA47D4-3BB1-40BC-AF88-C029498E3559}.Debug|x86.Build.0 = Debug|Any CPU
		{B8DA47D4-3BB1-40BC-AF88-C029498E3559}.Release|Any CPU.ActiveCfg = Release|Any CPU
		{B8DA47D4-3BB1-40BC-AF88-C029498E3559}.Release|Any CPU.Build.0 = Release|Any CPU
		{B8DA47D4-3BB1-40BC-AF88-C029498E3559}.Release|x64.ActiveCfg = Release|Any CPU
		{B8DA47D4-3BB1-40BC-AF88-C029498E3559}.Release|x64.Build.0 = Release|Any CPU
		{B8DA47D4-3BB1-40BC-AF88-C029498E3559}.Release|x86.ActiveCfg = Release|Any CPU
		{B8DA47D4-3BB1-40BC-AF88-C029498E3559}.Release|x86.Build.0 = Release|Any CPU
		{4752DBC4-0939-4E47-ADC0-34B58B4A2CD7}.Debug|Any CPU.ActiveCfg = Debug|Any CPU
		{4752DBC4-0939-4E47-ADC0-34B58B4A2CD7}.Debug|Any CPU.Build.0 = Debug|Any CPU
		{4752DBC4-0939-4E47-ADC0-34B58B4A2CD7}.Debug|x64.ActiveCfg = Debug|Any CPU
		{4752DBC4-0939-4E47-ADC0-34B58B4A2CD7}.Debug|x64.Build.0 = Debug|Any CPU
		{4752DBC4-0939-4E47-ADC0-34B58B4A2CD7}.Debug|x86.ActiveCfg = Debug|Any CPU
		{4752DBC4-0939-4E47-ADC0-34B58B4A2CD7}.Debug|x86.Build.0 = Debug|Any CPU
		{4752DBC4-0939-4E47-ADC0-34B58B4A2CD7}.Release|Any CPU.ActiveCfg = Release|Any CPU
		{4752DBC4-0939-4E47-ADC0-34B58B4A2CD7}.Release|Any CPU.Build.0 = Release|Any CPU
		{4752DBC4-0939-4E47-ADC0-34B58B4A2CD7}.Release|x64.ActiveCfg = Release|Any CPU
		{4752DBC4-0939-4E47-ADC0-34B58B4A2CD7}.Release|x64.Build.0 = Release|Any CPU
		{4752DBC4-0939-4E47-ADC0-34B58B4A2CD7}.Release|x86.ActiveCfg = Release|Any CPU
		{4752DBC4-0939-4E47-ADC0-34B58B4A2CD7}.Release|x86.Build.0 = Release|Any CPU
		{ABDB5C0C-2916-45A0-BCB9-E0E063A3BC0A}.Debug|Any CPU.ActiveCfg = Debug|Any CPU
		{ABDB5C0C-2916-45A0-BCB9-E0E063A3BC0A}.Debug|Any CPU.Build.0 = Debug|Any CPU
		{ABDB5C0C-2916-45A0-BCB9-E0E063A3BC0A}.Debug|x64.ActiveCfg = Debug|Any CPU
		{ABDB5C0C-2916-45A0-BCB9-E0E063A3BC0A}.Debug|x64.Build.0 = Debug|Any CPU
		{ABDB5C0C-2916-45A0-BCB9-E0E063A3BC0A}.Debug|x86.ActiveCfg = Debug|Any CPU
		{ABDB5C0C-2916-45A0-BCB9-E0E063A3BC0A}.Debug|x86.Build.0 = Debug|Any CPU
		{ABDB5C0C-2916-45A0-BCB9-E0E063A3BC0A}.Release|Any CPU.ActiveCfg = Release|Any CPU
		{ABDB5C0C-2916-45A0-BCB9-E0E063A3BC0A}.Release|Any CPU.Build.0 = Release|Any CPU
		{ABDB5C0C-2916-45A0-BCB9-E0E063A3BC0A}.Release|x64.ActiveCfg = Release|Any CPU
		{ABDB5C0C-2916-45A0-BCB9-E0E063A3BC0A}.Release|x64.Build.0 = Release|Any CPU
		{ABDB5C0C-2916-45A0-BCB9-E0E063A3BC0A}.Release|x86.ActiveCfg = Release|Any CPU
		{ABDB5C0C-2916-45A0-BCB9-E0E063A3BC0A}.Release|x86.Build.0 = Release|Any CPU
		{0D626079-8F6C-4F71-BB1E-FF3DDDFFE6E1}.Debug|Any CPU.ActiveCfg = Debug|Any CPU
		{0D626079-8F6C-4F71-BB1E-FF3DDDFFE6E1}.Debug|Any CPU.Build.0 = Debug|Any CPU
		{0D626079-8F6C-4F71-BB1E-FF3DDDFFE6E1}.Debug|x64.ActiveCfg = Debug|Any CPU
		{0D626079-8F6C-4F71-BB1E-FF3DDDFFE6E1}.Debug|x64.Build.0 = Debug|Any CPU
		{0D626079-8F6C-4F71-BB1E-FF3DDDFFE6E1}.Debug|x86.ActiveCfg = Debug|Any CPU
		{0D626079-8F6C-4F71-BB1E-FF3DDDFFE6E1}.Debug|x86.Build.0 = Debug|Any CPU
		{0D626079-8F6C-4F71-BB1E-FF3DDDFFE6E1}.Release|Any CPU.ActiveCfg = Release|Any CPU
		{0D626079-8F6C-4F71-BB1E-FF3DDDFFE6E1}.Release|Any CPU.Build.0 = Release|Any CPU
		{0D626079-8F6C-4F71-BB1E-FF3DDDFFE6E1}.Release|x64.ActiveCfg = Release|Any CPU
		{0D626079-8F6C-4F71-BB1E-FF3DDDFFE6E1}.Release|x64.Build.0 = Release|Any CPU
		{0D626079-8F6C-4F71-BB1E-FF3DDDFFE6E1}.Release|x86.ActiveCfg = Release|Any CPU
		{0D626079-8F6C-4F71-BB1E-FF3DDDFFE6E1}.Release|x86.Build.0 = Release|Any CPU
		{7A742473-D512-4557-940C-98CE40280679}.Debug|Any CPU.ActiveCfg = Debug|Any CPU
		{7A742473-D512-4557-940C-98CE40280679}.Debug|Any CPU.Build.0 = Debug|Any CPU
		{7A742473-D512-4557-940C-98CE40280679}.Debug|x64.ActiveCfg = Debug|Any CPU
		{7A742473-D512-4557-940C-98CE40280679}.Debug|x64.Build.0 = Debug|Any CPU
		{7A742473-D512-4557-940C-98CE40280679}.Debug|x86.ActiveCfg = Debug|Any CPU
		{7A742473-D512-4557-940C-98CE40280679}.Debug|x86.Build.0 = Debug|Any CPU
		{7A742473-D512-4557-940C-98CE40280679}.Release|Any CPU.ActiveCfg = Release|Any CPU
		{7A742473-D512-4557-940C-98CE40280679}.Release|Any CPU.Build.0 = Release|Any CPU
		{7A742473-D512-4557-940C-98CE40280679}.Release|x64.ActiveCfg = Release|Any CPU
		{7A742473-D512-4557-940C-98CE40280679}.Release|x64.Build.0 = Release|Any CPU
		{7A742473-D512-4557-940C-98CE40280679}.Release|x86.ActiveCfg = Release|Any CPU
		{7A742473-D512-4557-940C-98CE40280679}.Release|x86.Build.0 = Release|Any CPU
		{92B40199-1230-4E3A-9C6E-6F20A18D1A0C}.Debug|Any CPU.ActiveCfg = Debug|Any CPU
		{92B40199-1230-4E3A-9C6E-6F20A18D1A0C}.Debug|Any CPU.Build.0 = Debug|Any CPU
		{92B40199-1230-4E3A-9C6E-6F20A18D1A0C}.Debug|x64.ActiveCfg = Debug|Any CPU
		{92B40199-1230-4E3A-9C6E-6F20A18D1A0C}.Debug|x64.Build.0 = Debug|Any CPU
		{92B40199-1230-4E3A-9C6E-6F20A18D1A0C}.Debug|x86.ActiveCfg = Debug|Any CPU
		{92B40199-1230-4E3A-9C6E-6F20A18D1A0C}.Debug|x86.Build.0 = Debug|Any CPU
		{92B40199-1230-4E3A-9C6E-6F20A18D1A0C}.Release|Any CPU.ActiveCfg = Release|Any CPU
		{92B40199-1230-4E3A-9C6E-6F20A18D1A0C}.Release|Any CPU.Build.0 = Release|Any CPU
		{92B40199-1230-4E3A-9C6E-6F20A18D1A0C}.Release|x64.ActiveCfg = Release|Any CPU
		{92B40199-1230-4E3A-9C6E-6F20A18D1A0C}.Release|x64.Build.0 = Release|Any CPU
		{92B40199-1230-4E3A-9C6E-6F20A18D1A0C}.Release|x86.ActiveCfg = Release|Any CPU
		{92B40199-1230-4E3A-9C6E-6F20A18D1A0C}.Release|x86.Build.0 = Release|Any CPU
		{64F42F86-226C-4A5B-A399-4273E930C151}.Debug|Any CPU.ActiveCfg = Debug|Any CPU
		{64F42F86-226C-4A5B-A399-4273E930C151}.Debug|Any CPU.Build.0 = Debug|Any CPU
		{64F42F86-226C-4A5B-A399-4273E930C151}.Debug|x64.ActiveCfg = Debug|Any CPU
		{64F42F86-226C-4A5B-A399-4273E930C151}.Debug|x64.Build.0 = Debug|Any CPU
		{64F42F86-226C-4A5B-A399-4273E930C151}.Debug|x86.ActiveCfg = Debug|Any CPU
		{64F42F86-226C-4A5B-A399-4273E930C151}.Debug|x86.Build.0 = Debug|Any CPU
		{64F42F86-226C-4A5B-A399-4273E930C151}.Release|Any CPU.ActiveCfg = Release|Any CPU
		{64F42F86-226C-4A5B-A399-4273E930C151}.Release|Any CPU.Build.0 = Release|Any CPU
		{64F42F86-226C-4A5B-A399-4273E930C151}.Release|x64.ActiveCfg = Release|Any CPU
		{64F42F86-226C-4A5B-A399-4273E930C151}.Release|x64.Build.0 = Release|Any CPU
		{64F42F86-226C-4A5B-A399-4273E930C151}.Release|x86.ActiveCfg = Release|Any CPU
		{64F42F86-226C-4A5B-A399-4273E930C151}.Release|x86.Build.0 = Release|Any CPU
		{8F8B15C1-4319-4EFA-938C-4574AAAD5C69}.Debug|Any CPU.ActiveCfg = Debug|Any CPU
		{8F8B15C1-4319-4EFA-938C-4574AAAD5C69}.Debug|Any CPU.Build.0 = Debug|Any CPU
		{8F8B15C1-4319-4EFA-938C-4574AAAD5C69}.Debug|x64.ActiveCfg = Debug|Any CPU
		{8F8B15C1-4319-4EFA-938C-4574AAAD5C69}.Debug|x64.Build.0 = Debug|Any CPU
		{8F8B15C1-4319-4EFA-938C-4574AAAD5C69}.Debug|x86.ActiveCfg = Debug|Any CPU
		{8F8B15C1-4319-4EFA-938C-4574AAAD5C69}.Debug|x86.Build.0 = Debug|Any CPU
		{8F8B15C1-4319-4EFA-938C-4574AAAD5C69}.Release|Any CPU.ActiveCfg = Release|Any CPU
		{8F8B15C1-4319-4EFA-938C-4574AAAD5C69}.Release|Any CPU.Build.0 = Release|Any CPU
		{8F8B15C1-4319-4EFA-938C-4574AAAD5C69}.Release|x64.ActiveCfg = Release|Any CPU
		{8F8B15C1-4319-4EFA-938C-4574AAAD5C69}.Release|x64.Build.0 = Release|Any CPU
		{8F8B15C1-4319-4EFA-938C-4574AAAD5C69}.Release|x86.ActiveCfg = Release|Any CPU
		{8F8B15C1-4319-4EFA-938C-4574AAAD5C69}.Release|x86.Build.0 = Release|Any CPU
		{28D22001-9732-45F4-9F19-6E0A582545E0}.Debug|Any CPU.ActiveCfg = Debug|Any CPU
		{28D22001-9732-45F4-9F19-6E0A582545E0}.Debug|Any CPU.Build.0 = Debug|Any CPU
		{28D22001-9732-45F4-9F19-6E0A582545E0}.Debug|x64.ActiveCfg = Debug|Any CPU
		{28D22001-9732-45F4-9F19-6E0A582545E0}.Debug|x64.Build.0 = Debug|Any CPU
		{28D22001-9732-45F4-9F19-6E0A582545E0}.Debug|x86.ActiveCfg = Debug|Any CPU
		{28D22001-9732-45F4-9F19-6E0A582545E0}.Debug|x86.Build.0 = Debug|Any CPU
		{28D22001-9732-45F4-9F19-6E0A582545E0}.Release|Any CPU.ActiveCfg = Release|Any CPU
		{28D22001-9732-45F4-9F19-6E0A582545E0}.Release|Any CPU.Build.0 = Release|Any CPU
		{28D22001-9732-45F4-9F19-6E0A582545E0}.Release|x64.ActiveCfg = Release|Any CPU
		{28D22001-9732-45F4-9F19-6E0A582545E0}.Release|x64.Build.0 = Release|Any CPU
		{28D22001-9732-45F4-9F19-6E0A582545E0}.Release|x86.ActiveCfg = Release|Any CPU
		{28D22001-9732-45F4-9F19-6E0A582545E0}.Release|x86.Build.0 = Release|Any CPU
		{8319BF65-713E-4C91-80F4-446A27437AED}.Debug|Any CPU.ActiveCfg = Debug|Any CPU
		{8319BF65-713E-4C91-80F4-446A27437AED}.Debug|Any CPU.Build.0 = Debug|Any CPU
		{8319BF65-713E-4C91-80F4-446A27437AED}.Debug|x64.ActiveCfg = Debug|Any CPU
		{8319BF65-713E-4C91-80F4-446A27437AED}.Debug|x64.Build.0 = Debug|Any CPU
		{8319BF65-713E-4C91-80F4-446A27437AED}.Debug|x86.ActiveCfg = Debug|Any CPU
		{8319BF65-713E-4C91-80F4-446A27437AED}.Debug|x86.Build.0 = Debug|Any CPU
		{8319BF65-713E-4C91-80F4-446A27437AED}.Release|Any CPU.ActiveCfg = Release|Any CPU
		{8319BF65-713E-4C91-80F4-446A27437AED}.Release|Any CPU.Build.0 = Release|Any CPU
		{8319BF65-713E-4C91-80F4-446A27437AED}.Release|x64.ActiveCfg = Release|Any CPU
		{8319BF65-713E-4C91-80F4-446A27437AED}.Release|x64.Build.0 = Release|Any CPU
		{8319BF65-713E-4C91-80F4-446A27437AED}.Release|x86.ActiveCfg = Release|Any CPU
		{8319BF65-713E-4C91-80F4-446A27437AED}.Release|x86.Build.0 = Release|Any CPU
		{5633214F-36E6-4F5E-B20A-9EA936C7085B}.Debug|Any CPU.ActiveCfg = Debug|Any CPU
		{5633214F-36E6-4F5E-B20A-9EA936C7085B}.Debug|Any CPU.Build.0 = Debug|Any CPU
		{5633214F-36E6-4F5E-B20A-9EA936C7085B}.Debug|x64.ActiveCfg = Debug|Any CPU
		{5633214F-36E6-4F5E-B20A-9EA936C7085B}.Debug|x64.Build.0 = Debug|Any CPU
		{5633214F-36E6-4F5E-B20A-9EA936C7085B}.Debug|x86.ActiveCfg = Debug|Any CPU
		{5633214F-36E6-4F5E-B20A-9EA936C7085B}.Debug|x86.Build.0 = Debug|Any CPU
		{5633214F-36E6-4F5E-B20A-9EA936C7085B}.Release|Any CPU.ActiveCfg = Release|Any CPU
		{5633214F-36E6-4F5E-B20A-9EA936C7085B}.Release|Any CPU.Build.0 = Release|Any CPU
		{5633214F-36E6-4F5E-B20A-9EA936C7085B}.Release|x64.ActiveCfg = Release|Any CPU
		{5633214F-36E6-4F5E-B20A-9EA936C7085B}.Release|x64.Build.0 = Release|Any CPU
		{5633214F-36E6-4F5E-B20A-9EA936C7085B}.Release|x86.ActiveCfg = Release|Any CPU
		{5633214F-36E6-4F5E-B20A-9EA936C7085B}.Release|x86.Build.0 = Release|Any CPU
		{09FDA0E2-E5F9-4B96-8F8A-8A11FFDEF5B1}.Debug|Any CPU.ActiveCfg = Debug|Any CPU
		{09FDA0E2-E5F9-4B96-8F8A-8A11FFDEF5B1}.Debug|Any CPU.Build.0 = Debug|Any CPU
		{09FDA0E2-E5F9-4B96-8F8A-8A11FFDEF5B1}.Debug|x64.ActiveCfg = Debug|Any CPU
		{09FDA0E2-E5F9-4B96-8F8A-8A11FFDEF5B1}.Debug|x64.Build.0 = Debug|Any CPU
		{09FDA0E2-E5F9-4B96-8F8A-8A11FFDEF5B1}.Debug|x86.ActiveCfg = Debug|Any CPU
		{09FDA0E2-E5F9-4B96-8F8A-8A11FFDEF5B1}.Debug|x86.Build.0 = Debug|Any CPU
		{09FDA0E2-E5F9-4B96-8F8A-8A11FFDEF5B1}.Release|Any CPU.ActiveCfg = Release|Any CPU
		{09FDA0E2-E5F9-4B96-8F8A-8A11FFDEF5B1}.Release|Any CPU.Build.0 = Release|Any CPU
		{09FDA0E2-E5F9-4B96-8F8A-8A11FFDEF5B1}.Release|x64.ActiveCfg = Release|Any CPU
		{09FDA0E2-E5F9-4B96-8F8A-8A11FFDEF5B1}.Release|x64.Build.0 = Release|Any CPU
		{09FDA0E2-E5F9-4B96-8F8A-8A11FFDEF5B1}.Release|x86.ActiveCfg = Release|Any CPU
		{09FDA0E2-E5F9-4B96-8F8A-8A11FFDEF5B1}.Release|x86.Build.0 = Release|Any CPU
		{F2352648-9025-4AED-9C88-EBD93A54D85B}.Debug|Any CPU.ActiveCfg = Debug|Any CPU
		{F2352648-9025-4AED-9C88-EBD93A54D85B}.Debug|Any CPU.Build.0 = Debug|Any CPU
		{F2352648-9025-4AED-9C88-EBD93A54D85B}.Debug|x64.ActiveCfg = Debug|Any CPU
		{F2352648-9025-4AED-9C88-EBD93A54D85B}.Debug|x64.Build.0 = Debug|Any CPU
		{F2352648-9025-4AED-9C88-EBD93A54D85B}.Debug|x86.ActiveCfg = Debug|Any CPU
		{F2352648-9025-4AED-9C88-EBD93A54D85B}.Debug|x86.Build.0 = Debug|Any CPU
		{F2352648-9025-4AED-9C88-EBD93A54D85B}.Release|Any CPU.ActiveCfg = Release|Any CPU
		{F2352648-9025-4AED-9C88-EBD93A54D85B}.Release|Any CPU.Build.0 = Release|Any CPU
		{F2352648-9025-4AED-9C88-EBD93A54D85B}.Release|x64.ActiveCfg = Release|Any CPU
		{F2352648-9025-4AED-9C88-EBD93A54D85B}.Release|x64.Build.0 = Release|Any CPU
		{F2352648-9025-4AED-9C88-EBD93A54D85B}.Release|x86.ActiveCfg = Release|Any CPU
		{F2352648-9025-4AED-9C88-EBD93A54D85B}.Release|x86.Build.0 = Release|Any CPU
	EndGlobalSection
	GlobalSection(SolutionProperties) = preSolution
		HideSolutionNode = FALSE
	EndGlobalSection
	GlobalSection(NestedProjects) = preSolution
		{7CE25A8F-57B0-4CD4-B0E5-06821B07DA3D} = {827E0CD3-B72D-47B6-A68D-7590B98EB39B}
		{2E579B69-22DB-4010-B4AB-160CCF8D3EB6} = {827E0CD3-B72D-47B6-A68D-7590B98EB39B}
		{CEAE1135-B0F0-42B3-86C3-1AEFCF683917} = {827E0CD3-B72D-47B6-A68D-7590B98EB39B}
		{B8DA47D4-3BB1-40BC-AF88-C029498E3559} = {827E0CD3-B72D-47B6-A68D-7590B98EB39B}
		{4752DBC4-0939-4E47-ADC0-34B58B4A2CD7} = {827E0CD3-B72D-47B6-A68D-7590B98EB39B}
		{ABDB5C0C-2916-45A0-BCB9-E0E063A3BC0A} = {827E0CD3-B72D-47B6-A68D-7590B98EB39B}
		{0D626079-8F6C-4F71-BB1E-FF3DDDFFE6E1} = {827E0CD3-B72D-47B6-A68D-7590B98EB39B}
		{7A742473-D512-4557-940C-98CE40280679} = {827E0CD3-B72D-47B6-A68D-7590B98EB39B}
		{92B40199-1230-4E3A-9C6E-6F20A18D1A0C} = {827E0CD3-B72D-47B6-A68D-7590B98EB39B}
		{64F42F86-226C-4A5B-A399-4273E930C151} = {827E0CD3-B72D-47B6-A68D-7590B98EB39B}
		{8F8B15C1-4319-4EFA-938C-4574AAAD5C69} = {827E0CD3-B72D-47B6-A68D-7590B98EB39B}
		{28D22001-9732-45F4-9F19-6E0A582545E0} = {827E0CD3-B72D-47B6-A68D-7590B98EB39B}
		{8319BF65-713E-4C91-80F4-446A27437AED} = {827E0CD3-B72D-47B6-A68D-7590B98EB39B}
		{5633214F-36E6-4F5E-B20A-9EA936C7085B} = {827E0CD3-B72D-47B6-A68D-7590B98EB39B}
		{09FDA0E2-E5F9-4B96-8F8A-8A11FFDEF5B1} = {0AB3BF05-4346-4AA6-1389-037BE0695223}
		{F2352648-9025-4AED-9C88-EBD93A54D85B} = {0AB3BF05-4346-4AA6-1389-037BE0695223}
	EndGlobalSection
EndGlobal
